// !$*UTF8*$!
{
	archiveVersion = 1;
	classes = {
	};
	objectVersion = 56;
	objects = {

/* Begin PBXBuildFile section */
		963399D42A98E70B00455484 /* ViagemCellView.swift in Sources */ = {isa = PBXBuildFile; fileRef = 963399D32A98E70B00455484 /* ViagemCellView.swift */; };
		966057012A97FA06009D1AA8 /* HeaderView.swift in Sources */ = {isa = PBXBuildFile; fileRef = 966057002A97FA06009D1AA8 /* HeaderView.swift */; };
		966057032A97FD9E009D1AA8 /* ButtonView.swift in Sources */ = {isa = PBXBuildFile; fileRef = 966057022A97FD9E009D1AA8 /* ButtonView.swift */; };
		966057052A97FE85009D1AA8 /* TextView.swift in Sources */ = {isa = PBXBuildFile; fileRef = 966057042A97FE85009D1AA8 /* TextView.swift */; };
		968F9DE72A994C7600937938 /* MapView.swift in Sources */ = {isa = PBXBuildFile; fileRef = 968F9DE62A994C7600937938 /* MapView.swift */; };
		96A847382A99453100194770 /* Dados.swift in Sources */ = {isa = PBXBuildFile; fileRef = 96A847372A99453100194770 /* Dados.swift */; };
		96A8473A2A99455200194770 /* Viagem.swift in Sources */ = {isa = PBXBuildFile; fileRef = 96A847392A99455200194770 /* Viagem.swift */; };
		96A8473C2A9945C000194770 /* viagens.json in Resources */ = {isa = PBXBuildFile; fileRef = 96A8473B2A9945C000194770 /* viagens.json */; };
		96CFEE982A9821A000FC3D0E /* HomeScreen.swift in Sources */ = {isa = PBXBuildFile; fileRef = 96CFEE972A9821A000FC3D0E /* HomeScreen.swift */; };
		96F083152A83BAC60029BFB1 /* ViagensApp.swift in Sources */ = {isa = PBXBuildFile; fileRef = 96F083142A83BAC60029BFB1 /* ViagensApp.swift */; };
		96F083172A83BAC60029BFB1 /* MainView.swift in Sources */ = {isa = PBXBuildFile; fileRef = 96F083162A83BAC60029BFB1 /* MainView.swift */; };
		96F083192A83BAC80029BFB1 /* Assets.xcassets in Resources */ = {isa = PBXBuildFile; fileRef = 96F083182A83BAC80029BFB1 /* Assets.xcassets */; };
		96F0831C2A83BAC80029BFB1 /* Preview Assets.xcassets in Resources */ = {isa = PBXBuildFile; fileRef = 96F0831B2A83BAC80029BFB1 /* Preview Assets.xcassets */; };
/* End PBXBuildFile section */

/* Begin PBXFileReference section */
		963399D32A98E70B00455484 /* ViagemCellView.swift */ = {isa = PBXFileReference; lastKnownFileType = sourcecode.swift; path = ViagemCellView.swift; sourceTree = "<group>"; };
		966057002A97FA06009D1AA8 /* HeaderView.swift */ = {isa = PBXFileReference; lastKnownFileType = sourcecode.swift; path = HeaderView.swift; sourceTree = "<group>"; };
		966057022A97FD9E009D1AA8 /* ButtonView.swift */ = {isa = PBXFileReference; lastKnownFileType = sourcecode.swift; path = ButtonView.swift; sourceTree = "<group>"; };
		966057042A97FE85009D1AA8 /* TextView.swift */ = {isa = PBXFileReference; lastKnownFileType = sourcecode.swift; path = TextView.swift; sourceTree = "<group>"; };
		968F9DE62A994C7600937938 /* MapView.swift */ = {isa = PBXFileReference; lastKnownFileType = sourcecode.swift; path = MapView.swift; sourceTree = "<group>"; };
		96A847372A99453100194770 /* Dados.swift */ = {isa = PBXFileReference; lastKnownFileType = sourcecode.swift; path = Dados.swift; sourceTree = "<group>"; };
		96A847392A99455200194770 /* Viagem.swift */ = {isa = PBXFileReference; lastKnownFileType = sourcecode.swift; path = Viagem.swift; sourceTree = "<group>"; };
		96A8473B2A9945C000194770 /* viagens.json */ = {isa = PBXFileReference; lastKnownFileType = text.json; path = viagens.json; sourceTree = "<group>"; };
		96CFEE972A9821A000FC3D0E /* HomeScreen.swift */ = {isa = PBXFileReference; lastKnownFileType = sourcecode.swift; path = HomeScreen.swift; sourceTree = "<group>"; };
		96F083112A83BAC60029BFB1 /* Viagens.app */ = {isa = PBXFileReference; explicitFileType = wrapper.application; includeInIndex = 0; path = Viagens.app; sourceTree = BUILT_PRODUCTS_DIR; };
		96F083142A83BAC60029BFB1 /* ViagensApp.swift */ = {isa = PBXFileReference; lastKnownFileType = sourcecode.swift; path = ViagensApp.swift; sourceTree = "<group>"; };
		96F083162A83BAC60029BFB1 /* MainView.swift */ = {isa = PBXFileReference; lastKnownFileType = sourcecode.swift; path = MainView.swift; sourceTree = "<group>"; };
		96F083182A83BAC80029BFB1 /* Assets.xcassets */ = {isa = PBXFileReference; lastKnownFileType = folder.assetcatalog; path = Assets.xcassets; sourceTree = "<group>"; };
		96F0831B2A83BAC80029BFB1 /* Preview Assets.xcassets */ = {isa = PBXFileReference; lastKnownFileType = folder.assetcatalog; path = "Preview Assets.xcassets"; sourceTree = "<group>"; };
/* End PBXFileReference section */

/* Begin PBXFrameworksBuildPhase section */
		96F0830E2A83BAC60029BFB1 /* Frameworks */ = {
			isa = PBXFrameworksBuildPhase;
			buildActionMask = 2147483647;
			files = (
			);
			runOnlyForDeploymentPostprocessing = 0;
		};
/* End PBXFrameworksBuildPhase section */

/* Begin PBXGroup section */
		966056FF2A97F9F3009D1AA8 /* Views */ = {
			isa = PBXGroup;
			children = (
				966057002A97FA06009D1AA8 /* HeaderView.swift */,
				966057022A97FD9E009D1AA8 /* ButtonView.swift */,
				966057042A97FE85009D1AA8 /* TextView.swift */,
				963399D32A98E70B00455484 /* ViagemCellView.swift */,
				968F9DE62A994C7600937938 /* MapView.swift */,
			);
			path = Views;
			sourceTree = "<group>";
		};
		96A847362A99452100194770 /* Models */ = {
			isa = PBXGroup;
			children = (
				96A847372A99453100194770 /* Dados.swift */,
				96A847392A99455200194770 /* Viagem.swift */,
			);
			path = Models;
			sourceTree = "<group>";
		};
		96CFEE912A98216C00FC3D0E /* Presenter */ = {
			isa = PBXGroup;
			children = (
				966056FF2A97F9F3009D1AA8 /* Views */,
				96CFEE962A98219300FC3D0E /* Screens */,
			);
			path = Presenter;
			sourceTree = "<group>";
		};
		96CFEE922A98217600FC3D0E /* Data */ = {
			isa = PBXGroup;
			children = (
				96A847362A99452100194770 /* Models */,
			);
			path = Data;
			sourceTree = "<group>";
		};
		96CFEE962A98219300FC3D0E /* Screens */ = {
			isa = PBXGroup;
			children = (
				96CFEE972A9821A000FC3D0E /* HomeScreen.swift */,
			);
			path = Screens;
			sourceTree = "<group>";
		};
		96F083082A83BAC60029BFB1 = {
			isa = PBXGroup;
			children = (
				96F083132A83BAC60029BFB1 /* Viagens */,
				96F083122A83BAC60029BFB1 /* Products */,
			);
			sourceTree = "<group>";
		};
		96F083122A83BAC60029BFB1 /* Products */ = {
			isa = PBXGroup;
			children = (
				96F083112A83BAC60029BFB1 /* Viagens.app */,
			);
			name = Products;
			sourceTree = "<group>";
		};
		96F083132A83BAC60029BFB1 /* Viagens */ = {
			isa = PBXGroup;
			children = (
				96CFEE922A98217600FC3D0E /* Data */,
				96CFEE912A98216C00FC3D0E /* Presenter */,
				96F083162A83BAC60029BFB1 /* MainView.swift */,
				96F083142A83BAC60029BFB1 /* ViagensApp.swift */,
				96F083182A83BAC80029BFB1 /* Assets.xcassets */,
				96A8473B2A9945C000194770 /* viagens.json */,
				96F0831A2A83BAC80029BFB1 /* Preview Content */,
			);
			path = Viagens;
			sourceTree = "<group>";
		};
		96F0831A2A83BAC80029BFB1 /* Preview Content */ = {
			isa = PBXGroup;
			children = (
				96F0831B2A83BAC80029BFB1 /* Preview Assets.xcassets */,
			);
			path = "Preview Content";
			sourceTree = "<group>";
		};
/* End PBXGroup section */

/* Begin PBXNativeTarget section */
		96F083102A83BAC60029BFB1 /* Viagens */ = {
			isa = PBXNativeTarget;
			buildConfigurationList = 96F0831F2A83BAC80029BFB1 /* Build configuration list for PBXNativeTarget "Viagens" */;
			buildPhases = (
				96F0830D2A83BAC60029BFB1 /* Sources */,
				96F0830E2A83BAC60029BFB1 /* Frameworks */,
				96F0830F2A83BAC60029BFB1 /* Resources */,
			);
			buildRules = (
			);
			dependencies = (
			);
			name = Viagens;
			productName = Viagens;
			productReference = 96F083112A83BAC60029BFB1 /* Viagens.app */;
			productType = "com.apple.product-type.application";
		};
/* End PBXNativeTarget section */

/* Begin PBXProject section */
		96F083092A83BAC60029BFB1 /* Project object */ = {
			isa = PBXProject;
			attributes = {
				BuildIndependentTargetsInParallel = 1;
				LastSwiftUpdateCheck = 1430;
				LastUpgradeCheck = 1430;
				TargetAttributes = {
					96F083102A83BAC60029BFB1 = {
						CreatedOnToolsVersion = 14.3.1;
					};
				};
			};
			buildConfigurationList = 96F0830C2A83BAC60029BFB1 /* Build configuration list for PBXProject "Viagens" */;
			compatibilityVersion = "Xcode 14.0";
			developmentRegion = en;
			hasScannedForEncodings = 0;
			knownRegions = (
				en,
				Base,
			);
			mainGroup = 96F083082A83BAC60029BFB1;
			productRefGroup = 96F083122A83BAC60029BFB1 /* Products */;
			projectDirPath = "";
			projectRoot = "";
			targets = (
				96F083102A83BAC60029BFB1 /* Viagens */,
			);
		};
/* End PBXProject section */

/* Begin PBXResourcesBuildPhase section */
		96F0830F2A83BAC60029BFB1 /* Resources */ = {
			isa = PBXResourcesBuildPhase;
			buildActionMask = 2147483647;
			files = (
				96F0831C2A83BAC80029BFB1 /* Preview Assets.xcassets in Resources */,
				96F083192A83BAC80029BFB1 /* Assets.xcassets in Resources */,
				96A8473C2A9945C000194770 /* viagens.json in Resources */,
			);
			runOnlyForDeploymentPostprocessing = 0;
		};
/* End PBXResourcesBuildPhase section */

/* Begin PBXSourcesBuildPhase section */
		96F0830D2A83BAC60029BFB1 /* Sources */ = {
			isa = PBXSourcesBuildPhase;
			buildActionMask = 2147483647;
			files = (
				963399D42A98E70B00455484 /* ViagemCellView.swift in Sources */,
				96A8473A2A99455200194770 /* Viagem.swift in Sources */,
				96A847382A99453100194770 /* Dados.swift in Sources */,
				96F083172A83BAC60029BFB1 /* MainView.swift in Sources */,
				966057012A97FA06009D1AA8 /* HeaderView.swift in Sources */,
				96CFEE982A9821A000FC3D0E /* HomeScreen.swift in Sources */,
				966057032A97FD9E009D1AA8 /* ButtonView.swift in Sources */,
				968F9DE72A994C7600937938 /* MapView.swift in Sources */,
				96F083152A83BAC60029BFB1 /* ViagensApp.swift in Sources */,
				966057052A97FE85009D1AA8 /* TextView.swift in Sources */,
			);
			runOnlyForDeploymentPostprocessing = 0;
		};
/* End PBXSourcesBuildPhase section */

/* Begin XCBuildConfiguration section */
		96F0831D2A83BAC80029BFB1 /* Debug */ = {
			isa = XCBuildConfiguration;
			buildSettings = {
				ALWAYS_SEARCH_USER_PATHS = NO;
				CLANG_ANALYZER_NONNULL = YES;
				CLANG_ANALYZER_NUMBER_OBJECT_CONVERSION = YES_AGGRESSIVE;
				CLANG_CXX_LANGUAGE_STANDARD = "gnu++20";
				CLANG_ENABLE_MODULES = YES;
				CLANG_ENABLE_OBJC_ARC = YES;
				CLANG_ENABLE_OBJC_WEAK = YES;
				CLANG_WARN_BLOCK_CAPTURE_AUTORELEASING = YES;
				CLANG_WARN_BOOL_CONVERSION = YES;
				CLANG_WARN_COMMA = YES;
				CLANG_WARN_CONSTANT_CONVERSION = YES;
				CLANG_WARN_DEPRECATED_OBJC_IMPLEMENTATIONS = YES;
				CLANG_WARN_DIRECT_OBJC_ISA_USAGE = YES_ERROR;
				CLANG_WARN_DOCUMENTATION_COMMENTS = YES;
				CLANG_WARN_EMPTY_BODY = YES;
				CLANG_WARN_ENUM_CONVERSION = YES;
				CLANG_WARN_INFINITE_RECURSION = YES;
				CLANG_WARN_INT_CONVERSION = YES;
				CLANG_WARN_NON_LITERAL_NULL_CONVERSION = YES;
				CLANG_WARN_OBJC_IMPLICIT_RETAIN_SELF = YES;
				CLANG_WARN_OBJC_LITERAL_CONVERSION = YES;
				CLANG_WARN_OBJC_ROOT_CLASS = YES_ERROR;
				CLANG_WARN_QUOTED_INCLUDE_IN_FRAMEWORK_HEADER = YES;
				CLANG_WARN_RANGE_LOOP_ANALYSIS = YES;
				CLANG_WARN_STRICT_PROTOTYPES = YES;
				CLANG_WARN_SUSPICIOUS_MOVE = YES;
				CLANG_WARN_UNGUARDED_AVAILABILITY = YES_AGGRESSIVE;
				CLANG_WARN_UNREACHABLE_CODE = YES;
				CLANG_WARN__DUPLICATE_METHOD_MATCH = YES;
				COPY_PHASE_STRIP = NO;
				DEBUG_INFORMATION_FORMAT = dwarf;
				ENABLE_STRICT_OBJC_MSGSEND = YES;
				ENABLE_TESTABILITY = YES;
				GCC_C_LANGUAGE_STANDARD = gnu11;
				GCC_DYNAMIC_NO_PIC = NO;
				GCC_NO_COMMON_BLOCKS = YES;
				GCC_OPTIMIZATION_LEVEL = 0;
				GCC_PREPROCESSOR_DEFINITIONS = (
					"DEBUG=1",
					"$(inherited)",
				);
				GCC_WARN_64_TO_32_BIT_CONVERSION = YES;
				GCC_WARN_ABOUT_RETURN_TYPE = YES_ERROR;
				GCC_WARN_UNDECLARED_SELECTOR = YES;
				GCC_WARN_UNINITIALIZED_AUTOS = YES_AGGRESSIVE;
				GCC_WARN_UNUSED_FUNCTION = YES;
				GCC_WARN_UNUSED_VARIABLE = YES;
				IPHONEOS_DEPLOYMENT_TARGET = 16.4;
				MTL_ENABLE_DEBUG_INFO = INCLUDE_SOURCE;
				MTL_FAST_MATH = YES;
				ONLY_ACTIVE_ARCH = YES;
				SDKROOT = iphoneos;
				SWIFT_ACTIVE_COMPILATION_CONDITIONS = DEBUG;
				SWIFT_OPTIMIZATION_LEVEL = "-Onone";
			};
			name = Debug;
		};
		96F0831E2A83BAC80029BFB1 /* Release */ = {
			isa = XCBuildConfiguration;
			buildSettings = {
				ALWAYS_SEARCH_USER_PATHS = NO;
				CLANG_ANALYZER_NONNULL = YES;
				CLANG_ANALYZER_NUMBER_OBJECT_CONVERSION = YES_AGGRESSIVE;
				CLANG_CXX_LANGUAGE_STANDARD = "gnu++20";
				CLANG_ENABLE_MODULES = YES;
				CLANG_ENABLE_OBJC_ARC = YES;
				CLANG_ENABLE_OBJC_WEAK = YES;
				CLANG_WARN_BLOCK_CAPTURE_AUTORELEASING = YES;
				CLANG_WARN_BOOL_CONVERSION = YES;
				CLANG_WARN_COMMA = YES;
				CLANG_WARN_CONSTANT_CONVERSION = YES;
				CLANG_WARN_DEPRECATED_OBJC_IMPLEMENTATIONS = YES;
				CLANG_WARN_DIRECT_OBJC_ISA_USAGE = YES_ERROR;
				CLANG_WARN_DOCUMENTATION_COMMENTS = YES;
				CLANG_WARN_EMPTY_BODY = YES;
				CLANG_WARN_ENUM_CONVERSION = YES;
				CLANG_WARN_INFINITE_RECURSION = YES;
				CLANG_WARN_INT_CONVERSION = YES;
				CLANG_WARN_NON_LITERAL_NULL_CONVERSION = YES;
				CLANG_WARN_OBJC_IMPLICIT_RETAIN_SELF = YES;
				CLANG_WARN_OBJC_LITERAL_CONVERSION = YES;
				CLANG_WARN_OBJC_ROOT_CLASS = YES_ERROR;
				CLANG_WARN_QUOTED_INCLUDE_IN_FRAMEWORK_HEADER = YES;
				CLANG_WARN_RANGE_LOOP_ANALYSIS = YES;
				CLANG_WARN_STRICT_PROTOTYPES = YES;
				CLANG_WARN_SUSPICIOUS_MOVE = YES;
				CLANG_WARN_UNGUARDED_AVAILABILITY = YES_AGGRESSIVE;
				CLANG_WARN_UNREACHABLE_CODE = YES;
				CLANG_WARN__DUPLICATE_METHOD_MATCH = YES;
				COPY_PHASE_STRIP = NO;
				DEBUG_INFORMATION_FORMAT = "dwarf-with-dsym";
				ENABLE_NS_ASSERTIONS = NO;
				ENABLE_STRICT_OBJC_MSGSEND = YES;
				GCC_C_LANGUAGE_STANDARD = gnu11;
				GCC_NO_COMMON_BLOCKS = YES;
				GCC_WARN_64_TO_32_BIT_CONVERSION = YES;
				GCC_WARN_ABOUT_RETURN_TYPE = YES_ERROR;
				GCC_WARN_UNDECLARED_SELECTOR = YES;
				GCC_WARN_UNINITIALIZED_AUTOS = YES_AGGRESSIVE;
				GCC_WARN_UNUSED_FUNCTION = YES;
				GCC_WARN_UNUSED_VARIABLE = YES;
				IPHONEOS_DEPLOYMENT_TARGET = 16.4;
				MTL_ENABLE_DEBUG_INFO = NO;
				MTL_FAST_MATH = YES;
				SDKROOT = iphoneos;
				SWIFT_COMPILATION_MODE = wholemodule;
				SWIFT_OPTIMIZATION_LEVEL = "-O";
				VALIDATE_PRODUCT = YES;
			};
			name = Release;
		};
		96F083202A83BAC80029BFB1 /* Debug */ = {
			isa = XCBuildConfiguration;
			buildSettings = {
				ASSETCATALOG_COMPILER_APPICON_NAME = AppIcon;
				ASSETCATALOG_COMPILER_GLOBAL_ACCENT_COLOR_NAME = AccentColor;
				CODE_SIGN_STYLE = Automatic;
				CURRENT_PROJECT_VERSION = 1;
				DEVELOPMENT_ASSET_PATHS = "\"Viagens/Preview Content\"";
				ENABLE_PREVIEWS = YES;
				GENERATE_INFOPLIST_FILE = YES;
				INFOPLIST_KEY_UIApplicationSceneManifest_Generation = YES;
				INFOPLIST_KEY_UIApplicationSupportsIndirectInputEvents = YES;
				INFOPLIST_KEY_UILaunchScreen_Generation = YES;
				INFOPLIST_KEY_UISupportedInterfaceOrientations_iPad = "UIInterfaceOrientationPortrait UIInterfaceOrientationPortraitUpsideDown UIInterfaceOrientationLandscapeLeft UIInterfaceOrientationLandscapeRight";
				INFOPLIST_KEY_UISupportedInterfaceOrientations_iPhone = "UIInterfaceOrientationPortrait UIInterfaceOrientationLandscapeLeft UIInterfaceOrientationLandscapeRight";
				LD_RUNPATH_SEARCH_PATHS = (
					"$(inherited)",
					"@executable_path/Frameworks",
				);
				MARKETING_VERSION = 1.0;
				PRODUCT_BUNDLE_IDENTIFIER = br.com.pedro.Viagens;
				PRODUCT_NAME = "$(TARGET_NAME)";
				SWIFT_EMIT_LOC_STRINGS = YES;
				SWIFT_VERSION = 5.0;
				TARGETED_DEVICE_FAMILY = "1,2";
			};
			name = Debug;
		};
		96F083212A83BAC80029BFB1 /* Release */ = {
			isa = XCBuildConfiguration;
			buildSettings = {
				ASSETCATALOG_COMPILER_APPICON_NAME = AppIcon;
				ASSETCATALOG_COMPILER_GLOBAL_ACCENT_COLOR_NAME = AccentColor;
				CODE_SIGN_STYLE = Automatic;
				CURRENT_PROJECT_VERSION = 1;
				DEVELOPMENT_ASSET_PATHS = "\"Viagens/Preview Content\"";
				ENABLE_PREVIEWS = YES;
				GENERATE_INFOPLIST_FILE = YES;
				INFOPLIST_KEY_UIApplicationSceneManifest_Generation = YES;
				INFOPLIST_KEY_UIApplicationSupportsIndirectInputEvents = YES;
				INFOPLIST_KEY_UILaunchScreen_Generation = YES;
				INFOPLIST_KEY_UISupportedInterfaceOrientations_iPad = "UIInterfaceOrientationPortrait UIInterfaceOrientationPortraitUpsideDown UIInterfaceOrientationLandscapeLeft UIInterfaceOrientationLandscapeRight";
				INFOPLIST_KEY_UISupportedInterfaceOrientations_iPhone = "UIInterfaceOrientationPortrait UIInterfaceOrientationLandscapeLeft UIInterfaceOrientationLandscapeRight";
				LD_RUNPATH_SEARCH_PATHS = (
					"$(inherited)",
					"@executable_path/Frameworks",
				);
				MARKETING_VERSION = 1.0;
				PRODUCT_BUNDLE_IDENTIFIER = br.com.pedro.Viagens;
				PRODUCT_NAME = "$(TARGET_NAME)";
				SWIFT_EMIT_LOC_STRINGS = YES;
				SWIFT_VERSION = 5.0;
				TARGETED_DEVICE_FAMILY = "1,2";
			};
			name = Release;
		};
/* End XCBuildConfiguration section */

/* Begin XCConfigurationList section */
		96F0830C2A83BAC60029BFB1 /* Build configuration list for PBXProject "Viagens" */ = {
			isa = XCConfigurationList;
			buildConfigurations = (
				96F0831D2A83BAC80029BFB1 /* Debug */,
				96F0831E2A83BAC80029BFB1 /* Release */,
			);
			defaultConfigurationIsVisible = 0;
			defaultConfigurationName = Release;
		};
		96F0831F2A83BAC80029BFB1 /* Build configuration list for PBXNativeTarget "Viagens" */ = {
			isa = XCConfigurationList;
			buildConfigurations = (
				96F083202A83BAC80029BFB1 /* Debug */,
				96F083212A83BAC80029BFB1 /* Release */,
			);
			defaultConfigurationIsVisible = 0;
			defaultConfigurationName = Release;
		};
/* End XCConfigurationList section */
	};
	rootObject = 96F083092A83BAC60029BFB1 /* Project object */;
}
